dependencies:
- name: clickhouse-keeper-sts
  repository: file://../clickhouse-keeper-sts
  version: 0.1.3
- name: altinity-clickhouse-operator
  repository: https://docs.altinity.com/clickhouse-operator
  version: 0.23.6
digest: sha256:7d32c26e900baaf784451425c2d23c884de6aef309f918a1d5477ac504de6c6b
generated: "2024-09-30T12:49:20.482041-04:00"
