dependencies:
- name: clickhouse-keeper-sts
  repository: https://helm.altinity.com
  version: 0.1.5
- name: altinity-clickhouse-operator
  repository: https://docs.altinity.com/clickhouse-operator
  version: 0.23.6
digest: sha256:939229b2beb0f969689638b7b7dcd581cbe3f6561052a5328b46e72986fe346d
generated: "2024-12-02T13:25:33.014013-05:00"
